// !$*UTF8*$!
{
	archiveVersion = 1;
	classes = {
	};
	objectVersion = 77;
	objects = {

/* Begin PBXBuildFile section */
		0F024C176EC93F1C0031A701 /* AppDelegate.swift in Sources */ = {isa = PBXBuildFile; fileRef = A57933153ADC4CDB5B5F895D /* AppDelegate.swift */; };
		1F5C2792EBD8584A8B4ACB50 /* SettingsView.swift in Sources */ = {isa = PBXBuildFile; fileRef = 73BB88B56D12AC693E47FC4D /* SettingsView.swift */; };
		24AA96102335B642E7C94195 /* HabitStore.swift in Sources */ = {isa = PBXBuildFile; fileRef = 55B7D2C2968251F2693F28C5 /* HabitStore.swift */; };
		713D9550CCB019244B8D1B94 /* HabitModels.swift in Sources */ = {isa = PBXBuildFile; fileRef = 6DC696329E2251316C0EBB65 /* HabitModels.swift */; };
		7FE35F5C9C4A5824308B2B63 /* HabitModels.swift in Sources */ = {isa = PBXBuildFile; fileRef = 6DC696329E2251316C0EBB65 /* HabitModels.swift */; };
		80CDCCA59F834C48C6E459C9 /* KiteWidgetExtension.appex in Embed Foundation Extensions */ = {isa = PBXBuildFile; fileRef = 2FEAA3566B987E1F14B2E14A /* KiteWidgetExtension.appex */; settings = {ATTRIBUTES = (RemoveHeadersOnCopy, ); }; };
		88978D24191858DCF3F1A2A6 /* HabitStore.swift in Sources */ = {isa = PBXBuildFile; fileRef = 55B7D2C2968251F2693F28C5 /* HabitStore.swift */; };
		AB3B9B77CC487B6848A45989 /* KiteChecklistWidget.swift in Sources */ = {isa = PBXBuildFile; fileRef = 2DD940A3480D729BD6E1F118 /* KiteChecklistWidget.swift */; };
		ABDDDB7553E2769B9765D33B /* ChecklistFlowUITests.swift in Sources */ = {isa = PBXBuildFile; fileRef = 51A9E48949143A7212F97B0C /* ChecklistFlowUITests.swift */; };
		B8067F14DF4B7FFA4956972D /* ChecklistView.swift in Sources */ = {isa = PBXBuildFile; fileRef = 8B38C6D41CD183AB79774AC6 /* ChecklistView.swift */; };
		C9D89B5F534E5AD115D80F2C /* KiteWidgetBundle.swift in Sources */ = {isa = PBXBuildFile; fileRef = F471ACDBDBC66DBFF1783F75 /* KiteWidgetBundle.swift */; };
		DA33A9D002E8E5FEA553DB1D /* KiteNativeApp.swift in Sources */ = {isa = PBXBuildFile; fileRef = 43B0E851A72686E0EDDFD904 /* KiteNativeApp.swift */; };
		F12AA4E61E0BDB406E5B4B9F /* HabitViewModel.swift in Sources */ = {isa = PBXBuildFile; fileRef = ACD0F6182F2F25B0C0F574F8 /* HabitViewModel.swift */; };
/* End PBXBuildFile section */

/* Begin PBXContainerItemProxy section */
		0AD2D6AB40CF8BA0F22F167F /* PBXContainerItemProxy */ = {
			isa = PBXContainerItemProxy;
			containerPortal = 69D6A43951B7E4C8459B7BAD /* Project object */;
			proxyType = 1;
			remoteGlobalIDString = 6F198D9CD2E7F8F4B832BC5C;
			remoteInfo = KiteNative;
		};
		777F9A36044B9BE188F96FAA /* PBXContainerItemProxy */ = {
			isa = PBXContainerItemProxy;
			containerPortal = 69D6A43951B7E4C8459B7BAD /* Project object */;
			proxyType = 1;
			remoteGlobalIDString = 0CB9750EDD00293A0427CA59;
			remoteInfo = KiteWidgetExtension;
		};
/* End PBXContainerItemProxy section */

/* Begin PBXCopyFilesBuildPhase section */
		411DB3A8857253E5BFF6C358 /* Embed Foundation Extensions */ = {
			isa = PBXCopyFilesBuildPhase;
			buildActionMask = 2147483647;
			dstPath = "";
			dstSubfolderSpec = 13;
			files = (
				80CDCCA59F834C48C6E459C9 /* KiteWidgetExtension.appex in Embed Foundation Extensions */,
			);
			name = "Embed Foundation Extensions";
			runOnlyForDeploymentPostprocessing = 0;
		};
/* End PBXCopyFilesBuildPhase section */

/* Begin PBXFileReference section */
		2DD940A3480D729BD6E1F118 /* KiteChecklistWidget.swift */ = {isa = PBXFileReference; lastKnownFileType = sourcecode.swift; path = KiteChecklistWidget.swift; sourceTree = "<group>"; };
		2FEAA3566B987E1F14B2E14A /* KiteWidgetExtension.appex */ = {isa = PBXFileReference; explicitFileType = "wrapper.app-extension"; includeInIndex = 0; path = KiteWidgetExtension.appex; sourceTree = BUILT_PRODUCTS_DIR; };
		40AF5A74E9F37EF33A26F137 /* Info.plist */ = {isa = PBXFileReference; lastKnownFileType = text.plist; path = Info.plist; sourceTree = "<group>"; };
		43B0E851A72686E0EDDFD904 /* KiteNativeApp.swift */ = {isa = PBXFileReference; lastKnownFileType = sourcecode.swift; path = KiteNativeApp.swift; sourceTree = "<group>"; };
		51A9E48949143A7212F97B0C /* ChecklistFlowUITests.swift */ = {isa = PBXFileReference; lastKnownFileType = sourcecode.swift; path = ChecklistFlowUITests.swift; sourceTree = "<group>"; };
		55B7D2C2968251F2693F28C5 /* HabitStore.swift */ = {isa = PBXFileReference; lastKnownFileType = sourcecode.swift; path = HabitStore.swift; sourceTree = "<group>"; };
		6DC696329E2251316C0EBB65 /* HabitModels.swift */ = {isa = PBXFileReference; lastKnownFileType = sourcecode.swift; path = HabitModels.swift; sourceTree = "<group>"; };
		73BB88B56D12AC693E47FC4D /* SettingsView.swift */ = {isa = PBXFileReference; lastKnownFileType = sourcecode.swift; path = SettingsView.swift; sourceTree = "<group>"; };
		7BA7D0A1E0F62B09042CAC7F /* KiteNativeUITests.xctest */ = {isa = PBXFileReference; explicitFileType = wrapper.cfbundle; includeInIndex = 0; path = KiteNativeUITests.xctest; sourceTree = BUILT_PRODUCTS_DIR; };
		8B38C6D41CD183AB79774AC6 /* ChecklistView.swift */ = {isa = PBXFileReference; lastKnownFileType = sourcecode.swift; path = ChecklistView.swift; sourceTree = "<group>"; };
		A57933153ADC4CDB5B5F895D /* AppDelegate.swift */ = {isa = PBXFileReference; lastKnownFileType = sourcecode.swift; path = AppDelegate.swift; sourceTree = "<group>"; };
		ACD0F6182F2F25B0C0F574F8 /* HabitViewModel.swift */ = {isa = PBXFileReference; lastKnownFileType = sourcecode.swift; path = HabitViewModel.swift; sourceTree = "<group>"; };
		E017CC175D7CB370779861C0 /* KiteNative.app */ = {isa = PBXFileReference; explicitFileType = wrapper.application; includeInIndex = 0; path = KiteNative.app; sourceTree = BUILT_PRODUCTS_DIR; };
		ED11985B4A1A3B894E1772B4 /* Info.plist */ = {isa = PBXFileReference; lastKnownFileType = text.plist; path = Info.plist; sourceTree = "<group>"; };
		F471ACDBDBC66DBFF1783F75 /* KiteWidgetBundle.swift */ = {isa = PBXFileReference; lastKnownFileType = sourcecode.swift; path = KiteWidgetBundle.swift; sourceTree = "<group>"; };
/* End PBXFileReference section */

/* Begin PBXGroup section */
		14EC063FBBB65B314295C3CC /* Products */ = {
			isa = PBXGroup;
			children = (
				E017CC175D7CB370779861C0 /* KiteNative.app */,
				7BA7D0A1E0F62B09042CAC7F /* KiteNativeUITests.xctest */,
				2FEAA3566B987E1F14B2E14A /* KiteWidgetExtension.appex */,
			);
			name = Products;
			sourceTree = "<group>";
		};
		207A3564D8DE332B9FBF339D /* KiteWidgetExtension */ = {
			isa = PBXGroup;
			children = (
				ED11985B4A1A3B894E1772B4 /* Info.plist */,
				2DD940A3480D729BD6E1F118 /* KiteChecklistWidget.swift */,
				F471ACDBDBC66DBFF1783F75 /* KiteWidgetBundle.swift */,
			);
			path = KiteWidgetExtension;
			sourceTree = "<group>";
		};
		2E4F874145FD632855FBF3D8 /* Shared */ = {
			isa = PBXGroup;
			children = (
				6DC696329E2251316C0EBB65 /* HabitModels.swift */,
				55B7D2C2968251F2693F28C5 /* HabitStore.swift */,
			);
			path = Shared;
			sourceTree = "<group>";
		};
		424192682BC17117A321C76C /* KiteNativeUITests */ = {
			isa = PBXGroup;
			children = (
				51A9E48949143A7212F97B0C /* ChecklistFlowUITests.swift */,
			);
			path = KiteNativeUITests;
			sourceTree = "<group>";
		};
		5CD7B8F4C74825B624A1C86F = {
			isa = PBXGroup;
			children = (
				CF09D24E12B87C4B611AC73E /* KiteNative */,
				424192682BC17117A321C76C /* KiteNativeUITests */,
				207A3564D8DE332B9FBF339D /* KiteWidgetExtension */,
				2E4F874145FD632855FBF3D8 /* Shared */,
				14EC063FBBB65B314295C3CC /* Products */,
			);
			sourceTree = "<group>";
		};
		CF09D24E12B87C4B611AC73E /* KiteNative */ = {
			isa = PBXGroup;
			children = (
				A57933153ADC4CDB5B5F895D /* AppDelegate.swift */,
				8B38C6D41CD183AB79774AC6 /* ChecklistView.swift */,
				ACD0F6182F2F25B0C0F574F8 /* HabitViewModel.swift */,
				40AF5A74E9F37EF33A26F137 /* Info.plist */,
				43B0E851A72686E0EDDFD904 /* KiteNativeApp.swift */,
				73BB88B56D12AC693E47FC4D /* SettingsView.swift */,
			);
			path = KiteNative;
			sourceTree = "<group>";
		};
/* End PBXGroup section */

/* Begin PBXNativeTarget section */
		0CB9750EDD00293A0427CA59 /* KiteWidgetExtension */ = {
			isa = PBXNativeTarget;
			buildConfigurationList = B84DCBBAE331970CFDD0E6B0 /* Build configuration list for PBXNativeTarget "KiteWidgetExtension" */;
			buildPhases = (
				03986DC1A079191B5A64B4CA /* Sources */,
			);
			buildRules = (
			);
			dependencies = (
			);
			name = KiteWidgetExtension;
			packageProductDependencies = (
			);
			productName = KiteWidgetExtension;
			productReference = 2FEAA3566B987E1F14B2E14A /* KiteWidgetExtension.appex */;
			productType = "com.apple.product-type.app-extension";
		};
		6F198D9CD2E7F8F4B832BC5C /* KiteNative */ = {
			isa = PBXNativeTarget;
			buildConfigurationList = 119E1C628CE498F05C13E3B7 /* Build configuration list for PBXNativeTarget "KiteNative" */;
			buildPhases = (
				B100F885C0205B5408608738 /* Sources */,
				411DB3A8857253E5BFF6C358 /* Embed Foundation Extensions */,
			);
			buildRules = (
			);
			dependencies = (
				5854533D69264A6326FC3153 /* PBXTargetDependency */,
			);
			name = KiteNative;
			packageProductDependencies = (
			);
			productName = KiteNative;
			productReference = E017CC175D7CB370779861C0 /* KiteNative.app */;
			productType = "com.apple.product-type.application";
		};
		9ACDCB2AE6B66A117F0F5D2D /* KiteNativeUITests */ = {
			isa = PBXNativeTarget;
			buildConfigurationList = 2F92BB873E9A8C601FA96D08 /* Build configuration list for PBXNativeTarget "KiteNativeUITests" */;
			buildPhases = (
				509E7BCD3AD37D9B2DF28F74 /* Sources */,
			);
			buildRules = (
			);
			dependencies = (
				D0F3BDC14B0FC834AF82BD1A /* PBXTargetDependency */,
			);
			name = KiteNativeUITests;
			packageProductDependencies = (
			);
			productName = KiteNativeUITests;
			productReference = 7BA7D0A1E0F62B09042CAC7F /* KiteNativeUITests.xctest */;
			productType = "com.apple.product-type.bundle.ui-testing";
		};
/* End PBXNativeTarget section */

/* Begin PBXProject section */
		69D6A43951B7E4C8459B7BAD /* Project object */ = {
			isa = PBXProject;
			attributes = {
				BuildIndependentTargetsInParallel = YES;
				LastUpgradeCheck = 1430;
				TargetAttributes = {
					0CB9750EDD00293A0427CA59 = {
						DevelopmentTeam = "";
						ProvisioningStyle = Automatic;
					};
					6F198D9CD2E7F8F4B832BC5C = {
						DevelopmentTeam = "";
						ProvisioningStyle = Automatic;
					};
					9ACDCB2AE6B66A117F0F5D2D = {
						DevelopmentTeam = "";
						ProvisioningStyle = Automatic;
						TestTargetID = 6F198D9CD2E7F8F4B832BC5C;
					};
				};
			};
			buildConfigurationList = F63C799B2A7C2B69821DCED6 /* Build configuration list for PBXProject "KiteNative" */;
			developmentRegion = en;
			hasScannedForEncodings = 0;
			knownRegions = (
				Base,
				en,
			);
			mainGroup = 5CD7B8F4C74825B624A1C86F;
			minimizedProjectReferenceProxies = 1;
			preferredProjectObjectVersion = 77;
			productRefGroup = 14EC063FBBB65B314295C3CC /* Products */;
			projectDirPath = "";
			projectRoot = "";
			targets = (
				6F198D9CD2E7F8F4B832BC5C /* KiteNative */,
				9ACDCB2AE6B66A117F0F5D2D /* KiteNativeUITests */,
				0CB9750EDD00293A0427CA59 /* KiteWidgetExtension */,
			);
		};
/* End PBXProject section */

/* Begin PBXSourcesBuildPhase section */
		03986DC1A079191B5A64B4CA /* Sources */ = {
			isa = PBXSourcesBuildPhase;
			buildActionMask = 2147483647;
			files = (
				713D9550CCB019244B8D1B94 /* HabitModels.swift in Sources */,
				88978D24191858DCF3F1A2A6 /* HabitStore.swift in Sources */,
				AB3B9B77CC487B6848A45989 /* KiteChecklistWidget.swift in Sources */,
				C9D89B5F534E5AD115D80F2C /* KiteWidgetBundle.swift in Sources */,
			);
			runOnlyForDeploymentPostprocessing = 0;
		};
		509E7BCD3AD37D9B2DF28F74 /* Sources */ = {
			isa = PBXSourcesBuildPhase;
			buildActionMask = 2147483647;
			files = (
				ABDDDB7553E2769B9765D33B /* ChecklistFlowUITests.swift in Sources */,
			);
			runOnlyForDeploymentPostprocessing = 0;
		};
		B100F885C0205B5408608738 /* Sources */ = {
			isa = PBXSourcesBuildPhase;
			buildActionMask = 2147483647;
			files = (
				0F024C176EC93F1C0031A701 /* AppDelegate.swift in Sources */,
				B8067F14DF4B7FFA4956972D /* ChecklistView.swift in Sources */,
				7FE35F5C9C4A5824308B2B63 /* HabitModels.swift in Sources */,
				24AA96102335B642E7C94195 /* HabitStore.swift in Sources */,
				F12AA4E61E0BDB406E5B4B9F /* HabitViewModel.swift in Sources */,
				DA33A9D002E8E5FEA553DB1D /* KiteNativeApp.swift in Sources */,
				1F5C2792EBD8584A8B4ACB50 /* SettingsView.swift in Sources */,
			);
			runOnlyForDeploymentPostprocessing = 0;
		};
/* End PBXSourcesBuildPhase section */

/* Begin PBXTargetDependency section */
		5854533D69264A6326FC3153 /* PBXTargetDependency */ = {
			isa = PBXTargetDependency;
			target = 0CB9750EDD00293A0427CA59 /* KiteWidgetExtension */;
			targetProxy = 777F9A36044B9BE188F96FAA /* PBXContainerItemProxy */;
		};
		D0F3BDC14B0FC834AF82BD1A /* PBXTargetDependency */ = {
			isa = PBXTargetDependency;
			target = 6F198D9CD2E7F8F4B832BC5C /* KiteNative */;
			targetProxy = 0AD2D6AB40CF8BA0F22F167F /* PBXContainerItemProxy */;
		};
/* End PBXTargetDependency section */

/* Begin XCBuildConfiguration section */
		117F37E3CCF57A07C0D75108 /* Release */ = {
			isa = XCBuildConfiguration;
			buildSettings = {
				BUNDLE_LOADER = "";
				COMBINE_HIDPI_IMAGES = YES;
				GENERATE_INFOPLIST_FILE = YES;
				LD_RUNPATH_SEARCH_PATHS = (
					"$(inherited)",
					"@executable_path/Frameworks",
					"@loader_path/Frameworks",
				);
				PRODUCT_BUNDLE_IDENTIFIER = cn.kitlib.kitemac.uitests;
				PRODUCT_NAME = KiteNativeUITests;
				SDKROOT = macosx;
				TEST_HOST = "";
				TEST_TARGET_NAME = KiteNative;
			};
			name = Release;
		};
		42E30F81181212A5C9E0B11C /* Debug */ = {
			isa = XCBuildConfiguration;
			buildSettings = {
				BUNDLE_LOADER = "";
				COMBINE_HIDPI_IMAGES = YES;
				GENERATE_INFOPLIST_FILE = YES;
				LD_RUNPATH_SEARCH_PATHS = (
					"$(inherited)",
					"@executable_path/Frameworks",
					"@loader_path/Frameworks",
				);
				PRODUCT_BUNDLE_IDENTIFIER = cn.kitlib.kitemac.uitests;
				PRODUCT_NAME = KiteNativeUITests;
				SDKROOT = macosx;
				TEST_HOST = "";
				TEST_TARGET_NAME = KiteNative;
			};
			name = Debug;
		};
		44C067728DE1126FCB612175 /* Debug */ = {
			isa = XCBuildConfiguration;
			buildSettings = {
				ALWAYS_SEARCH_USER_PATHS = NO;
				CLANG_ANALYZER_NONNULL = YES;
				CLANG_ANALYZER_NUMBER_OBJECT_CONVERSION = YES_AGGRESSIVE;
				CLANG_CXX_LANGUAGE_STANDARD = "gnu++14";
				CLANG_CXX_LIBRARY = "libc++";
				CLANG_ENABLE_MODULES = YES;
				CLANG_ENABLE_OBJC_ARC = YES;
				CLANG_ENABLE_OBJC_WEAK = YES;
				CLANG_WARN_BLOCK_CAPTURE_AUTORELEASING = YES;
				CLANG_WARN_BOOL_CONVERSION = YES;
				CLANG_WARN_COMMA = YES;
				CLANG_WARN_CONSTANT_CONVERSION = YES;
				CLANG_WARN_DEPRECATED_OBJC_IMPLEMENTATIONS = YES;
				CLANG_WARN_DIRECT_OBJC_ISA_USAGE = YES_ERROR;
				CLANG_WARN_DOCUMENTATION_COMMENTS = YES;
				CLANG_WARN_EMPTY_BODY = YES;
				CLANG_WARN_ENUM_CONVERSION = YES;
				CLANG_WARN_INFINITE_RECURSION = YES;
				CLANG_WARN_INT_CONVERSION = YES;
				CLANG_WARN_NON_LITERAL_NULL_CONVERSION = YES;
				CLANG_WARN_OBJC_IMPLICIT_RETAIN_SELF = YES;
				CLANG_WARN_OBJC_LITERAL_CONVERSION = YES;
				CLANG_WARN_OBJC_ROOT_CLASS = YES_ERROR;
				CLANG_WARN_QUOTED_INCLUDE_IN_FRAMEWORK_HEADER = YES;
				CLANG_WARN_RANGE_LOOP_ANALYSIS = YES;
				CLANG_WARN_STRICT_PROTOTYPES = YES;
				CLANG_WARN_SUSPICIOUS_MOVE = YES;
				CLANG_WARN_UNGUARDED_AVAILABILITY = YES_AGGRESSIVE;
				CLANG_WARN_UNREACHABLE_CODE = YES;
				CLANG_WARN__DUPLICATE_METHOD_MATCH = YES;
				CODE_SIGN_STYLE = Automatic;
				COPY_PHASE_STRIP = NO;
				DEBUG_INFORMATION_FORMAT = dwarf;
				DEVELOPMENT_TEAM = "";
				ENABLE_STRICT_OBJC_MSGSEND = YES;
				ENABLE_TESTABILITY = YES;
				GCC_C_LANGUAGE_STANDARD = gnu11;
				GCC_DYNAMIC_NO_PIC = NO;
				GCC_NO_COMMON_BLOCKS = YES;
				GCC_OPTIMIZATION_LEVEL = 0;
				GCC_PREPROCESSOR_DEFINITIONS = (
					"$(inherited)",
					"DEBUG=1",
				);
				GCC_WARN_64_TO_32_BIT_CONVERSION = YES;
				GCC_WARN_ABOUT_RETURN_TYPE = YES_ERROR;
				GCC_WARN_UNDECLARED_SELECTOR = YES;
				GCC_WARN_UNINITIALIZED_AUTOS = YES_AGGRESSIVE;
				GCC_WARN_UNUSED_FUNCTION = YES;
				GCC_WARN_UNUSED_VARIABLE = YES;
				MACOSX_DEPLOYMENT_TARGET = 14.0;
				MTL_ENABLE_DEBUG_INFO = INCLUDE_SOURCE;
				MTL_FAST_MATH = YES;
				ONLY_ACTIVE_ARCH = YES;
				PRODUCT_BUNDLE_IDENTIFIER = cn.kitlib.kitemac;
				PRODUCT_NAME = "$(TARGET_NAME)";
				SDKROOT = macosx;
				SWIFT_ACTIVE_COMPILATION_CONDITIONS = DEBUG;
				SWIFT_OPTIMIZATION_LEVEL = "-Onone";
				SWIFT_VERSION = 5.0;
			};
			name = Debug;
		};
		579CB961FF3618A9B222225A /* Release */ = {
			isa = XCBuildConfiguration;
			buildSettings = {
				ASSETCATALOG_COMPILER_APPICON_NAME = AppIcon;
				COMBINE_HIDPI_IMAGES = YES;
				GENERATE_INFOPLIST_FILE = NO;
				INFOPLIST_FILE = KiteNative/Info.plist;
				LD_RUNPATH_SEARCH_PATHS = (
					"$(inherited)",
					"@executable_path/../Frameworks",
				);
				PRODUCT_BUNDLE_IDENTIFIER = cn.kitlib.kitemac;
				PRODUCT_NAME = KiteNative;
				SDKROOT = macosx;
			};
			name = Release;
		};
		8AE8CBAA32A3079C1FD1CE74 /* Debug */ = {
			isa = XCBuildConfiguration;
			buildSettings = {
				ASSETCATALOG_COMPILER_APPICON_NAME = AppIcon;
				COMBINE_HIDPI_IMAGES = YES;
				GENERATE_INFOPLIST_FILE = NO;
				INFOPLIST_FILE = KiteNative/Info.plist;
				LD_RUNPATH_SEARCH_PATHS = (
					"$(inherited)",
					"@executable_path/../Frameworks",
				);
				PRODUCT_BUNDLE_IDENTIFIER = cn.kitlib.kitemac;
				PRODUCT_NAME = KiteNative;
				SDKROOT = macosx;
			};
			name = Debug;
		};
		C5B15D5EF4896ED90CD82191 /* Debug */ = {
			isa = XCBuildConfiguration;
			buildSettings = {
				APPLICATION_EXTENSION_API_ONLY = YES;
				COMBINE_HIDPI_IMAGES = YES;
				GENERATE_INFOPLIST_FILE = NO;
				INFOPLIST_FILE = KiteWidgetExtension/Info.plist;
				LD_RUNPATH_SEARCH_PATHS = (
					"$(inherited)",
					"@executable_path/../Frameworks",
					"@executable_path/../../../../Frameworks",
				);
				PRODUCT_BUNDLE_IDENTIFIER = cn.kitlib.kitemac.widget;
				PRODUCT_NAME = KiteWidgetExtension;
				SDKROOT = macosx;
				SKIP_INSTALL = YES;
			};
			name = Debug;
		};
		E82F1A23C68A056643E78DC1 /* Release */ = {
			isa = XCBuildConfiguration;
			buildSettings = {
				ALWAYS_SEARCH_USER_PATHS = NO;
				CLANG_ANALYZER_NONNULL = YES;
				CLANG_ANALYZER_NUMBER_OBJECT_CONVERSION = YES_AGGRESSIVE;
				CLANG_CXX_LANGUAGE_STANDARD = "gnu++14";
				CLANG_CXX_LIBRARY = "libc++";
				CLANG_ENABLE_MODULES = YES;
				CLANG_ENABLE_OBJC_ARC = YES;
				CLANG_ENABLE_OBJC_WEAK = YES;
				CLANG_WARN_BLOCK_CAPTURE_AUTORELEASING = YES;
				CLANG_WARN_BOOL_CONVERSION = YES;
				CLANG_WARN_COMMA = YES;
				CLANG_WARN_CONSTANT_CONVERSION = YES;
				CLANG_WARN_DEPRECATED_OBJC_IMPLEMENTATIONS = YES;
				CLANG_WARN_DIRECT_OBJC_ISA_USAGE = YES_ERROR;
				CLANG_WARN_DOCUMENTATION_COMMENTS = YES;
				CLANG_WARN_EMPTY_BODY = YES;
				CLANG_WARN_ENUM_CONVERSION = YES;
				CLANG_WARN_INFINITE_RECURSION = YES;
				CLANG_WARN_INT_CONVERSION = YES;
				CLANG_WARN_NON_LITERAL_NULL_CONVERSION = YES;
				CLANG_WARN_OBJC_IMPLICIT_RETAIN_SELF = YES;
				CLANG_WARN_OBJC_LITERAL_CONVERSION = YES;
				CLANG_WARN_OBJC_ROOT_CLASS = YES_ERROR;
				CLANG_WARN_QUOTED_INCLUDE_IN_FRAMEWORK_HEADER = YES;
				CLANG_WARN_RANGE_LOOP_ANALYSIS = YES;
				CLANG_WARN_STRICT_PROTOTYPES = YES;
				CLANG_WARN_SUSPICIOUS_MOVE = YES;
				CLANG_WARN_UNGUARDED_AVAILABILITY = YES_AGGRESSIVE;
				CLANG_WARN_UNREACHABLE_CODE = YES;
				CLANG_WARN__DUPLICATE_METHOD_MATCH = YES;
				CODE_SIGN_STYLE = Automatic;
				COPY_PHASE_STRIP = NO;
				DEBUG_INFORMATION_FORMAT = "dwarf-with-dsym";
				DEVELOPMENT_TEAM = "";
				ENABLE_NS_ASSERTIONS = NO;
				ENABLE_STRICT_OBJC_MSGSEND = YES;
				GCC_C_LANGUAGE_STANDARD = gnu11;
				GCC_NO_COMMON_BLOCKS = YES;
				GCC_WARN_64_TO_32_BIT_CONVERSION = YES;
				GCC_WARN_ABOUT_RETURN_TYPE = YES_ERROR;
				GCC_WARN_UNDECLARED_SELECTOR = YES;
				GCC_WARN_UNINITIALIZED_AUTOS = YES_AGGRESSIVE;
				GCC_WARN_UNUSED_FUNCTION = YES;
				GCC_WARN_UNUSED_VARIABLE = YES;
				MACOSX_DEPLOYMENT_TARGET = 14.0;
				MTL_ENABLE_DEBUG_INFO = NO;
				MTL_FAST_MATH = YES;
				PRODUCT_BUNDLE_IDENTIFIER = cn.kitlib.kitemac;
				PRODUCT_NAME = "$(TARGET_NAME)";
				SDKROOT = macosx;
				SWIFT_COMPILATION_MODE = wholemodule;
				SWIFT_OPTIMIZATION_LEVEL = "-O";
				SWIFT_VERSION = 5.0;
			};
			name = Release;
		};
		F543BE5C584CB09EE3AB3A2F /* Release */ = {
			isa = XCBuildConfiguration;
			buildSettings = {
				APPLICATION_EXTENSION_API_ONLY = YES;
				COMBINE_HIDPI_IMAGES = YES;
				GENERATE_INFOPLIST_FILE = NO;
				INFOPLIST_FILE = KiteWidgetExtension/Info.plist;
				LD_RUNPATH_SEARCH_PATHS = (
					"$(inherited)",
					"@executable_path/../Frameworks",
					"@executable_path/../../../../Frameworks",
				);
				PRODUCT_BUNDLE_IDENTIFIER = cn.kitlib.kitemac.widget;
				PRODUCT_NAME = KiteWidgetExtension;
				SDKROOT = macosx;
				SKIP_INSTALL = YES;
			};
			name = Release;
		};
/* End XCBuildConfiguration section */

/* Begin XCConfigurationList section */
		119E1C628CE498F05C13E3B7 /* Build configuration list for PBXNativeTarget "KiteNative" */ = {
			isa = XCConfigurationList;
			buildConfigurations = (
				8AE8CBAA32A3079C1FD1CE74 /* Debug */,
				579CB961FF3618A9B222225A /* Release */,
			);
			defaultConfigurationIsVisible = 0;
			defaultConfigurationName = Debug;
		};
		2F92BB873E9A8C601FA96D08 /* Build configuration list for PBXNativeTarget "KiteNativeUITests" */ = {
			isa = XCConfigurationList;
			buildConfigurations = (
				42E30F81181212A5C9E0B11C /* Debug */,
				117F37E3CCF57A07C0D75108 /* Release */,
			);
			defaultConfigurationIsVisible = 0;
			defaultConfigurationName = Debug;
		};
		B84DCBBAE331970CFDD0E6B0 /* Build configuration list for PBXNativeTarget "KiteWidgetExtension" */ = {
			isa = XCConfigurationList;
			buildConfigurations = (
				C5B15D5EF4896ED90CD82191 /* Debug */,
				F543BE5C584CB09EE3AB3A2F /* Release */,
			);
			defaultConfigurationIsVisible = 0;
			defaultConfigurationName = Debug;
		};
		F63C799B2A7C2B69821DCED6 /* Build configuration list for PBXProject "KiteNative" */ = {
			isa = XCConfigurationList;
			buildConfigurations = (
				44C067728DE1126FCB612175 /* Debug */,
				E82F1A23C68A056643E78DC1 /* Release */,
			);
			defaultConfigurationIsVisible = 0;
			defaultConfigurationName = Debug;
		};
/* End XCConfigurationList section */
	};
	rootObject = 69D6A43951B7E4C8459B7BAD /* Project object */;
}
